<?xml version="1.0" encoding="UTF-8" standalone="yes" ?>
<CodeBlocks_project_file>
	<FileVersion major="1" minor="6" />
	<Project>
		<Option title="BattleCityTutorial" />
		<Option pch_mode="2" />
		<Option compiler="gcc" />
		<Build>
			<Target title="Debug">
				<Option output="bin/Debug/BattleCityTutorial" prefix_auto="1" extension_auto="1" />
				<Option object_output="obj/Debug/" />
				<Option type="1" />
				<Option compiler="gcc" />
				<Compiler>
					<Add option="-g" />
					<Add directory="BattleCityTutorial/include/&#x0A;&#x0A;" />
				</Compiler>
			</Target>
			<Target title="Release">
				<Option output="bin/Release/BattleCityTutorial" prefix_auto="1" extension_auto="1" />
				<Option object_output="obj/Release/" />
				<Option type="1" />
				<Option compiler="gcc" />
				<Compiler>
					<Add option="-O2" />
				</Compiler>
				<Linker>
					<Add option="-s" />
				</Linker>
			</Target>
		</Build>
		<Compiler>
			<Add option="-Wall" />
		</Compiler>
		<Unit filename="src/AudioManager.cpp" />
		<Unit filename="src/Base.cpp" />
		<Unit filename="src/Boss.cpp" />
		<Unit filename="src/Bullet.cpp" />
		<Unit filename="src/Bush.cpp" />
		<Unit filename="src/EnemyTank.cpp" />
		<Unit filename="src/Explosion.cpp" />
		<Unit filename="src/Game.cpp" />
		<Unit filename="src/Gate.cpp" />
		<Unit filename="src/Heart.cpp" />
		<Unit filename="src/Ice.cpp" />
		<Unit filename="src/Magazine.cpp" />
		<Unit filename="src/Map.cpp" />
		<Unit filename="src/PlayerTank.cpp" />
		<Unit filename="src/Stone.cpp" />
		<Unit filename="src/Wall.cpp" />
		<Unit filename="src/Water.cpp" />
		<Unit filename="src/main.cpp" />
		<Extensions />
	</Project>
</CodeBlocks_project_file>
